<Solution>
  <Folder Name="/Core/">
    <Project Path="Core/WebWindowUI.Backend/WebWindowUI.Backend.csproj" />
    <Project Path="Core/WebWindowUI.Core/WebWindowUI.Core.csproj" />
    <Project Path="Core/WebWindowUI.Frontend/WebWindowUI.Frontend.csproj" />
    <Project Path="Core/WebWindowUI/WebWindowUI.csproj" />
  </Folder>
  <Folder Name="/Natives/">
    <Project Path="Natives/WebWindowUI.Natives.Linux/WebWindowUI.Natives.Linux.csproj" />
    <Project Path="Natives/WebWindowUI.Natives.Windows/WebWindowUI.Natives.Windows.csproj" />
  </Folder>
  <Folder Name="/Platforms/">
    <Project Path="Platforms/WebWindowUI.CefSubProcess/WebWindowUI.CefSubProcess.csproj" />
    <Project Path="Platforms/WebWindowUI.Platforms.Cef/WebWindowUI.Platforms.Cef.csproj" />
    <Project Path="Platforms/WebWindowUI.Platforms.Linux/WebWindowUI.Platforms.Linux.csproj" />
    <Project Path="Platforms/WebWindowUI.Platforms.MacOS/WebWindowUI.Platforms.MacOS.csproj" />
    <Project Path="Platforms/WebWindowUI.Platforms.Windows/WebWindowUI.Platforms.Windows.csproj" />
  </Folder>
  <Folder Name="/Generator/">
    <Project Path="Generator/WebWindowUI.Generator.SourceGen/WebWindowUI.Generator.SourceGen.csproj" />
    <Project Path="Generator/WebWindowUI.Generator/WebWindowUI.Generator.csproj" />
  </Folder>
  <Folder Name="/Sample/">
    <Project Path="Sample/WebWindowUI.Sample.Backend/WebWindowUI.Sample.Backend.csproj" />
    <Project Path="Sample/WebWindowUI.Sample.Frontend/WebWindowUI.Sample.Frontend.csproj" />
    <Project Path="Sample/WebWindowUI.Sample/WebWindowUI.Sample.csproj" />
  </Folder>
  <Folder Name="/Templates/">
    <Project Path="Templates/WebWindowUI.Templates/WebWindowUI.Templates.csproj" />
  </Folder>
  <Folder Name="/Tests/">
    <Project Path="Tests/WebWindowUI.Tests.Linux/WebWindowUI.Tests.Linux.csproj" />
    <Project Path="Tests/WebWindowUI.Tests.Protocol/WebWindowUI.Tests.Protocol.csproj" />
    <Project Path="Tests/WebWindowUI.Tests.Windows/WebWindowUI.Tests.Windows.csproj" />
  </Folder>
  <Folder Name="/Files/">
    <File Path=".editorconfig" />
    <File Path="Directory.Build.props" />
    <File Path="Directory.Build.targets" />
    <File Path="Directory.Packages.props" />
    <File Path="NuGet.config" />
    <File Path="WebWindowUI.Platform.props" />
    <File Path="WebWindowUI.targets" />
  </Folder>
  <Folder Name="/third-party/" />
  <Folder Name="/third-party/CefGlue/">
    <Project Path="third-party/CefGlue/CefGlue.BrowserProcess.Core/CefGlue.BrowserProcess.Core.csproj" />
    <Project Path="third-party/CefGlue/CefGlue.Common.Shared/CefGlue.Common.Shared.csproj" />
    <Project Path="third-party/CefGlue/CefGlue.Common/CefGlue.Common.csproj" />
    <Project Path="third-party/CefGlue/CefGlue/CefGlue.csproj" />
  </Folder>
  <Folder Name="/third-party/CefGlue/Files/">
    <File Path="third-party/CefGlue/cef-version.json" />
    <File Path="third-party/CefGlue/CefGlue.Packages.props" />
    <File Path="third-party/CefGlue/CefVersion.props" />
    <File Path="third-party/CefGlue/Directory.Build.props" />
    <File Path="third-party/CefGlue/Directory.Build.targets" />
    <File Path="third-party/CefGlue/Directory.Packages.props" />
  </Folder>
</Solution>
