<Solution>
  <Folder Name="/Core/">
    <Project Path="WebWindowUI.Backend/WebWindowUI.Backend.csproj" />
    <Project Path="WebWindowUI.Frontend/WebWindowUI.Frontend.csproj" />
    <Project Path="WebWindowUI.Core/WebWindowUI.Core.csproj" />
    <Project Path="WebWindowUI/WebWindowUI.csproj" />
  </Folder>
  <Folder Name="/Platforms/">
    <Project Path="WebWindowUI.Platforms.Windows/WebWindowUI.Platforms.Windows.csproj" />
    <Project Path="WebWindowUI.Platforms.Linux/WebWindowUI.Platforms.Linux.csproj" />
    <Project Path="WebWindowUI.Platforms.MacOS/WebWindowUI.Platforms.MacOS.csproj" />
    <Project Path="WebWindowUI.Platforms.Cef/WebWindowUI.Platforms.Cef.csproj" />
  </Folder>
  <Folder Name="/Generator/">
    <Project Path="WebWindowUI.Generator.SourceGen/WebWindowUI.Generator.SourceGen.csproj" />
    <Project Path="WebWindowUI.Generator/WebWindowUI.Generator.csproj" />
  </Folder>
  <Folder Name="/Sample/">
    <Project Path="Sample/WebWindowUI.Sample.Backend/WebWindowUI.Sample.Backend.csproj" />
    <Project Path="Sample/WebWindowUI.Sample.Frontend/WebWindowUI.Sample.Frontend.csproj" />
    <Project Path="Sample/WebWindowUI.Sample/WebWindowUI.Sample.csproj" />
  </Folder>
  <Folder Name="/Templates/">
    <Project Path="WebWindowUI.Templates/WebWindowUI.Templates.csproj" />
  </Folder>
  <Folder Name="/Test/">
    <Project Path="WebWindowUI.Tests/WebWindowUI.Tests.csproj" />
  </Folder>
</Solution>
